// !$*UTF8*$!
{
	archiveVersion = 1;
	classes = {
	};
	objectVersion = 50;
	objects = {

/* Begin PBXBuildFile section */
		C4E2592F26EFBBC600D90D9A /* Assets.xcassets in Resources */ = {isa = PBXBuildFile; fileRef = C4E2592E26EFBBC600D90D9A /* Assets.xcassets */; };
		C4E2593126EFD16800D90D9A /* LoginViewController.swift in Sources */ = {isa = PBXBuildFile; fileRef = C4E2593026EFD16800D90D9A /* LoginViewController.swift */; };
		C4E2593326EFD17700D90D9A /* LoginViewController.xib in Resources */ = {isa = PBXBuildFile; fileRef = C4E2593226EFD17700D90D9A /* LoginViewController.xib */; };
		C4E2593526EFD18200D90D9A /* NewString+Extension.swift in Sources */ = {isa = PBXBuildFile; fileRef = C4E2593426EFD18200D90D9A /* NewString+Extension.swift */; };
		C4ED75F026EE68E1008446C4 /* AppDelegate.swift in Sources */ = {isa = PBXBuildFile; fileRef = C4ED75EF26EE68E1008446C4 /* AppDelegate.swift */; };
		C4ED75F226EE68E1008446C4 /* SceneDelegate.swift in Sources */ = {isa = PBXBuildFile; fileRef = C4ED75F126EE68E1008446C4 /* SceneDelegate.swift */; };
		C4ED75F426EE68E1008446C4 /* ViewController.swift in Sources */ = {isa = PBXBuildFile; fileRef = C4ED75F326EE68E1008446C4 /* ViewController.swift */; };
		C4ED75FC26EE68E2008446C4 /* LaunchScreen.storyboard in Resources */ = {isa = PBXBuildFile; fileRef = C4ED75FA26EE68E2008446C4 /* LaunchScreen.storyboard */; };
		C4ED760426EE6940008446C4 /* Main.storyboard in Resources */ = {isa = PBXBuildFile; fileRef = C4ED760326EE6940008446C4 /* Main.storyboard */; };
		C4ED760826EE698E008446C4 /* File.swift in Sources */ = {isa = PBXBuildFile; fileRef = C4ED760726EE698E008446C4 /* File.swift */; };
		C4ED760A26EE69BF008446C4 /* PlayerViewController.swift in Sources */ = {isa = PBXBuildFile; fileRef = C4ED760926EE69BF008446C4 /* PlayerViewController.swift */; };
		C4ED760D26EE6A0A008446C4 /* song1.mp3 in Resources */ = {isa = PBXBuildFile; fileRef = C4ED760C26EE6A0A008446C4 /* song1.mp3 */; };
		C4ED760F26EE6A10008446C4 /* song2.mp3 in Resources */ = {isa = PBXBuildFile; fileRef = C4ED760E26EE6A10008446C4 /* song2.mp3 */; };
		C4ED761126EE6A15008446C4 /* song3.mp3 in Resources */ = {isa = PBXBuildFile; fileRef = C4ED761026EE6A15008446C4 /* song3.mp3 */; };
		C4ED761326EE6A19008446C4 /* song4.mp3 in Resources */ = {isa = PBXBuildFile; fileRef = C4ED761226EE6A19008446C4 /* song4.mp3 */; };
		C4ED761526EE6A1E008446C4 /* song5.mp3 in Resources */ = {isa = PBXBuildFile; fileRef = C4ED761426EE6A1E008446C4 /* song5.mp3 */; };
		C4ED761726EE6A23008446C4 /* song6.mp3 in Resources */ = {isa = PBXBuildFile; fileRef = C4ED761626EE6A23008446C4 /* song6.mp3 */; };
/* End PBXBuildFile section */

/* Begin PBXFileReference section */
		C4E2592E26EFBBC600D90D9A /* Assets.xcassets */ = {isa = PBXFileReference; lastKnownFileType = folder.assetcatalog; path = Assets.xcassets; sourceTree = "<group>"; };
		C4E2593026EFD16800D90D9A /* LoginViewController.swift */ = {isa = PBXFileReference; fileEncoding = 4; lastKnownFileType = sourcecode.swift; path = LoginViewController.swift; sourceTree = "<group>"; };
		C4E2593226EFD17700D90D9A /* LoginViewController.xib */ = {isa = PBXFileReference; fileEncoding = 4; lastKnownFileType = file.xib; path = LoginViewController.xib; sourceTree = "<group>"; };
		C4E2593426EFD18200D90D9A /* NewString+Extension.swift */ = {isa = PBXFileReference; fileEncoding = 4; lastKnownFileType = sourcecode.swift; path = "NewString+Extension.swift"; sourceTree = "<group>"; };
		C4ED75EC26EE68E1008446C4 /* MyMusicApp.app */ = {isa = PBXFileReference; explicitFileType = wrapper.application; includeInIndex = 0; path = MyMusicApp.app; sourceTree = BUILT_PRODUCTS_DIR; };
		C4ED75EF26EE68E1008446C4 /* AppDelegate.swift */ = {isa = PBXFileReference; lastKnownFileType = sourcecode.swift; path = AppDelegate.swift; sourceTree = "<group>"; };
		C4ED75F126EE68E1008446C4 /* SceneDelegate.swift */ = {isa = PBXFileReference; lastKnownFileType = sourcecode.swift; path = SceneDelegate.swift; sourceTree = "<group>"; };
		C4ED75F326EE68E1008446C4 /* ViewController.swift */ = {isa = PBXFileReference; lastKnownFileType = sourcecode.swift; path = ViewController.swift; sourceTree = "<group>"; };
		C4ED75FB26EE68E2008446C4 /* Base */ = {isa = PBXFileReference; lastKnownFileType = file.storyboard; name = Base; path = Base.lproj/LaunchScreen.storyboard; sourceTree = "<group>"; };
		C4ED75FD26EE68E2008446C4 /* Info.plist */ = {isa = PBXFileReference; lastKnownFileType = text.plist.xml; path = Info.plist; sourceTree = "<group>"; };
		C4ED760326EE6940008446C4 /* Main.storyboard */ = {isa = PBXFileReference; fileEncoding = 4; lastKnownFileType = file.storyboard; path = Main.storyboard; sourceTree = "<group>"; };
		C4ED760726EE698E008446C4 /* File.swift */ = {isa = PBXFileReference; lastKnownFileType = sourcecode.swift; path = File.swift; sourceTree = "<group>"; };
		C4ED760926EE69BF008446C4 /* PlayerViewController.swift */ = {isa = PBXFileReference; lastKnownFileType = sourcecode.swift; path = PlayerViewController.swift; sourceTree = "<group>"; };
		C4ED760C26EE6A0A008446C4 /* song1.mp3 */ = {isa = PBXFileReference; lastKnownFileType = audio.mp3; path = song1.mp3; sourceTree = "<group>"; };
		C4ED760E26EE6A10008446C4 /* song2.mp3 */ = {isa = PBXFileReference; lastKnownFileType = audio.mp3; path = song2.mp3; sourceTree = "<group>"; };
		C4ED761026EE6A15008446C4 /* song3.mp3 */ = {isa = PBXFileReference; lastKnownFileType = audio.mp3; path = song3.mp3; sourceTree = "<group>"; };
		C4ED761226EE6A19008446C4 /* song4.mp3 */ = {isa = PBXFileReference; lastKnownFileType = audio.mp3; path = song4.mp3; sourceTree = "<group>"; };
		C4ED761426EE6A1E008446C4 /* song5.mp3 */ = {isa = PBXFileReference; lastKnownFileType = audio.mp3; path = song5.mp3; sourceTree = "<group>"; };
		C4ED761626EE6A23008446C4 /* song6.mp3 */ = {isa = PBXFileReference; lastKnownFileType = audio.mp3; path = song6.mp3; sourceTree = "<group>"; };
/* End PBXFileReference section */

/* Begin PBXFrameworksBuildPhase section */
		C4ED75E926EE68E1008446C4 /* Frameworks */ = {
			isa = PBXFrameworksBuildPhase;
			buildActionMask = 2147483647;
			files = (
			);
			runOnlyForDeploymentPostprocessing = 0;
		};
/* End PBXFrameworksBuildPhase section */

/* Begin PBXGroup section */
		C4096D6C26EE6F250090091C /* LogInViewController */ = {
			isa = PBXGroup;
			children = (
				C4E2593026EFD16800D90D9A /* LoginViewController.swift */,
				C4E2593226EFD17700D90D9A /* LoginViewController.xib */,
				C4E2593426EFD18200D90D9A /* NewString+Extension.swift */,
			);
			path = LogInViewController;
			sourceTree = "<group>";
		};
		C4ED75E326EE68E1008446C4 = {
			isa = PBXGroup;
			children = (
				C4ED75EE26EE68E1008446C4 /* MyMusicApp */,
				C4ED75ED26EE68E1008446C4 /* Products */,
			);
			sourceTree = "<group>";
		};
		C4ED75ED26EE68E1008446C4 /* Products */ = {
			isa = PBXGroup;
			children = (
				C4ED75EC26EE68E1008446C4 /* MyMusicApp.app */,
			);
			name = Products;
			sourceTree = "<group>";
		};
		C4ED75EE26EE68E1008446C4 /* MyMusicApp */ = {
			isa = PBXGroup;
			children = (
				C4ED760B26EE69F9008446C4 /* Audio */,
				C4096D6C26EE6F250090091C /* LogInViewController */,
				C4ED75F326EE68E1008446C4 /* ViewController.swift */,
				C4ED760926EE69BF008446C4 /* PlayerViewController.swift */,
				C4ED75EF26EE68E1008446C4 /* AppDelegate.swift */,
				C4ED75F126EE68E1008446C4 /* SceneDelegate.swift */,
				C4ED760326EE6940008446C4 /* Main.storyboard */,
				C4E2592E26EFBBC600D90D9A /* Assets.xcassets */,
				C4ED75FA26EE68E2008446C4 /* LaunchScreen.storyboard */,
				C4ED75FD26EE68E2008446C4 /* Info.plist */,
				C4ED760726EE698E008446C4 /* File.swift */,
			);
			path = MyMusicApp;
			sourceTree = "<group>";
		};
		C4ED760B26EE69F9008446C4 /* Audio */ = {
			isa = PBXGroup;
			children = (
				C4ED760C26EE6A0A008446C4 /* song1.mp3 */,
				C4ED760E26EE6A10008446C4 /* song2.mp3 */,
				C4ED761026EE6A15008446C4 /* song3.mp3 */,
				C4ED761226EE6A19008446C4 /* song4.mp3 */,
				C4ED761426EE6A1E008446C4 /* song5.mp3 */,
				C4ED761626EE6A23008446C4 /* song6.mp3 */,
			);
			path = Audio;
			sourceTree = "<group>";
		};
/* End PBXGroup section */

/* Begin PBXNativeTarget section */
		C4ED75EB26EE68E1008446C4 /* MyMusicApp */ = {
			isa = PBXNativeTarget;
			buildConfigurationList = C4ED760026EE68E2008446C4 /* Build configuration list for PBXNativeTarget "MyMusicApp" */;
			buildPhases = (
				C4ED75E826EE68E1008446C4 /* Sources */,
				C4ED75E926EE68E1008446C4 /* Frameworks */,
				C4ED75EA26EE68E1008446C4 /* Resources */,
			);
			buildRules = (
			);
			dependencies = (
			);
			name = MyMusicApp;
			productName = MyMusicApp;
			productReference = C4ED75EC26EE68E1008446C4 /* MyMusicApp.app */;
			productType = "com.apple.product-type.application";
		};
/* End PBXNativeTarget section */

/* Begin PBXProject section */
		C4ED75E426EE68E1008446C4 /* Project object */ = {
			isa = PBXProject;
			attributes = {
				LastSwiftUpdateCheck = 1250;
				LastUpgradeCheck = 1250;
				TargetAttributes = {
					C4ED75EB26EE68E1008446C4 = {
						CreatedOnToolsVersion = 12.5.1;
					};
				};
			};
			buildConfigurationList = C4ED75E726EE68E1008446C4 /* Build configuration list for PBXProject "MyMusicApp" */;
			compatibilityVersion = "Xcode 9.3";
			developmentRegion = en;
			hasScannedForEncodings = 0;
			knownRegions = (
				en,
				Base,
			);
			mainGroup = C4ED75E326EE68E1008446C4;
			productRefGroup = C4ED75ED26EE68E1008446C4 /* Products */;
			projectDirPath = "";
			projectRoot = "";
			targets = (
				C4ED75EB26EE68E1008446C4 /* MyMusicApp */,
			);
		};
/* End PBXProject section */

/* Begin PBXResourcesBuildPhase section */
		C4ED75EA26EE68E1008446C4 /* Resources */ = {
			isa = PBXResourcesBuildPhase;
			buildActionMask = 2147483647;
			files = (
				C4ED75FC26EE68E2008446C4 /* LaunchScreen.storyboard in Resources */,
				C4E2593326EFD17700D90D9A /* LoginViewController.xib in Resources */,
				C4E2592F26EFBBC600D90D9A /* Assets.xcassets in Resources */,
				C4ED761726EE6A23008446C4 /* song6.mp3 in Resources */,
				C4ED761126EE6A15008446C4 /* song3.mp3 in Resources */,
				C4ED761526EE6A1E008446C4 /* song5.mp3 in Resources */,
				C4ED760426EE6940008446C4 /* Main.storyboard in Resources */,
				C4ED760D26EE6A0A008446C4 /* song1.mp3 in Resources */,
				C4ED761326EE6A19008446C4 /* song4.mp3 in Resources */,
				C4ED760F26EE6A10008446C4 /* song2.mp3 in Resources */,
			);
			runOnlyForDeploymentPostprocessing = 0;
		};
/* End PBXResourcesBuildPhase section */

/* Begin PBXSourcesBuildPhase section */
		C4ED75E826EE68E1008446C4 /* Sources */ = {
			isa = PBXSourcesBuildPhase;
			buildActionMask = 2147483647;
			files = (
				C4ED75F426EE68E1008446C4 /* ViewController.swift in Sources */,
				C4ED760826EE698E008446C4 /* File.swift in Sources */,
				C4ED75F026EE68E1008446C4 /* AppDelegate.swift in Sources */,
				C4E2593126EFD16800D90D9A /* LoginViewController.swift in Sources */,
				C4E2593526EFD18200D90D9A /* NewString+Extension.swift in Sources */,
				C4ED75F226EE68E1008446C4 /* SceneDelegate.swift in Sources */,
				C4ED760A26EE69BF008446C4 /* PlayerViewController.swift in Sources */,
			);
			runOnlyForDeploymentPostprocessing = 0;
		};
/* End PBXSourcesBuildPhase section */

/* Begin PBXVariantGroup section */
		C4ED75FA26EE68E2008446C4 /* LaunchScreen.storyboard */ = {
			isa = PBXVariantGroup;
			children = (
				C4ED75FB26EE68E2008446C4 /* Base */,
			);
			name = LaunchScreen.storyboard;
			sourceTree = "<group>";
		};
/* End PBXVariantGroup section */

/* Begin XCBuildConfiguration section */
		C4ED75FE26EE68E2008446C4 /* Debug */ = {
			isa = XCBuildConfiguration;
			buildSettings = {
				ALWAYS_SEARCH_USER_PATHS = NO;
				CLANG_ANALYZER_NONNULL = YES;
				CLANG_ANALYZER_NUMBER_OBJECT_CONVERSION = YES_AGGRESSIVE;
				CLANG_CXX_LANGUAGE_STANDARD = "gnu++14";
				CLANG_CXX_LIBRARY = "libc++";
				CLANG_ENABLE_MODULES = YES;
				CLANG_ENABLE_OBJC_ARC = YES;
				CLANG_ENABLE_OBJC_WEAK = YES;
				CLANG_WARN_BLOCK_CAPTURE_AUTORELEASING = YES;
				CLANG_WARN_BOOL_CONVERSION = YES;
				CLANG_WARN_COMMA = YES;
				CLANG_WARN_CONSTANT_CONVERSION = YES;
				CLANG_WARN_DEPRECATED_OBJC_IMPLEMENTATIONS = YES;
				CLANG_WARN_DIRECT_OBJC_ISA_USAGE = YES_ERROR;
				CLANG_WARN_DOCUMENTATION_COMMENTS = YES;
				CLANG_WARN_EMPTY_BODY = YES;
				CLANG_WARN_ENUM_CONVERSION = YES;
				CLANG_WARN_INFINITE_RECURSION = YES;
				CLANG_WARN_INT_CONVERSION = YES;
				CLANG_WARN_NON_LITERAL_NULL_CONVERSION = YES;
				CLANG_WARN_OBJC_IMPLICIT_RETAIN_SELF = YES;
				CLANG_WARN_OBJC_LITERAL_CONVERSION = YES;
				CLANG_WARN_OBJC_ROOT_CLASS = YES_ERROR;
				CLANG_WARN_QUOTED_INCLUDE_IN_FRAMEWORK_HEADER = YES;
				CLANG_WARN_RANGE_LOOP_ANALYSIS = YES;
				CLANG_WARN_STRICT_PROTOTYPES = YES;
				CLANG_WARN_SUSPICIOUS_MOVE = YES;
				CLANG_WARN_UNGUARDED_AVAILABILITY = YES_AGGRESSIVE;
				CLANG_WARN_UNREACHABLE_CODE = YES;
				CLANG_WARN__DUPLICATE_METHOD_MATCH = YES;
				COPY_PHASE_STRIP = NO;
				DEBUG_INFORMATION_FORMAT = dwarf;
				ENABLE_STRICT_OBJC_MSGSEND = YES;
				ENABLE_TESTABILITY = YES;
				GCC_C_LANGUAGE_STANDARD = gnu11;
				GCC_DYNAMIC_NO_PIC = NO;
				GCC_NO_COMMON_BLOCKS = YES;
				GCC_OPTIMIZATION_LEVEL = 0;
				GCC_PREPROCESSOR_DEFINITIONS = (
					"DEBUG=1",
					"$(inherited)",
				);
				GCC_WARN_64_TO_32_BIT_CONVERSION = YES;
				GCC_WARN_ABOUT_RETURN_TYPE = YES_ERROR;
				GCC_WARN_UNDECLARED_SELECTOR = YES;
				GCC_WARN_UNINITIALIZED_AUTOS = YES_AGGRESSIVE;
				GCC_WARN_UNUSED_FUNCTION = YES;
				GCC_WARN_UNUSED_VARIABLE = YES;
				IPHONEOS_DEPLOYMENT_TARGET = 14.5;
				MTL_ENABLE_DEBUG_INFO = INCLUDE_SOURCE;
				MTL_FAST_MATH = YES;
				ONLY_ACTIVE_ARCH = YES;
				SDKROOT = iphoneos;
				SWIFT_ACTIVE_COMPILATION_CONDITIONS = DEBUG;
				SWIFT_OPTIMIZATION_LEVEL = "-Onone";
			};
			name = Debug;
		};
		C4ED75FF26EE68E2008446C4 /* Release */ = {
			isa = XCBuildConfiguration;
			buildSettings = {
				ALWAYS_SEARCH_USER_PATHS = NO;
				CLANG_ANALYZER_NONNULL = YES;
				CLANG_ANALYZER_NUMBER_OBJECT_CONVERSION = YES_AGGRESSIVE;
				CLANG_CXX_LANGUAGE_STANDARD = "gnu++14";
				CLANG_CXX_LIBRARY = "libc++";
				CLANG_ENABLE_MODULES = YES;
				CLANG_ENABLE_OBJC_ARC = YES;
				CLANG_ENABLE_OBJC_WEAK = YES;
				CLANG_WARN_BLOCK_CAPTURE_AUTORELEASING = YES;
				CLANG_WARN_BOOL_CONVERSION = YES;
				CLANG_WARN_COMMA = YES;
				CLANG_WARN_CONSTANT_CONVERSION = YES;
				CLANG_WARN_DEPRECATED_OBJC_IMPLEMENTATIONS = YES;
				CLANG_WARN_DIRECT_OBJC_ISA_USAGE = YES_ERROR;
				CLANG_WARN_DOCUMENTATION_COMMENTS = YES;
				CLANG_WARN_EMPTY_BODY = YES;
				CLANG_WARN_ENUM_CONVERSION = YES;
				CLANG_WARN_INFINITE_RECURSION = YES;
				CLANG_WARN_INT_CONVERSION = YES;
				CLANG_WARN_NON_LITERAL_NULL_CONVERSION = YES;
				CLANG_WARN_OBJC_IMPLICIT_RETAIN_SELF = YES;
				CLANG_WARN_OBJC_LITERAL_CONVERSION = YES;
				CLANG_WARN_OBJC_ROOT_CLASS = YES_ERROR;
				CLANG_WARN_QUOTED_INCLUDE_IN_FRAMEWORK_HEADER = YES;
				CLANG_WARN_RANGE_LOOP_ANALYSIS = YES;
				CLANG_WARN_STRICT_PROTOTYPES = YES;
				CLANG_WARN_SUSPICIOUS_MOVE = YES;
				CLANG_WARN_UNGUARDED_AVAILABILITY = YES_AGGRESSIVE;
				CLANG_WARN_UNREACHABLE_CODE = YES;
				CLANG_WARN__DUPLICATE_METHOD_MATCH = YES;
				COPY_PHASE_STRIP = NO;
				DEBUG_INFORMATION_FORMAT = "dwarf-with-dsym";
				ENABLE_NS_ASSERTIONS = NO;
				ENABLE_STRICT_OBJC_MSGSEND = YES;
				GCC_C_LANGUAGE_STANDARD = gnu11;
				GCC_NO_COMMON_BLOCKS = YES;
				GCC_WARN_64_TO_32_BIT_CONVERSION = YES;
				GCC_WARN_ABOUT_RETURN_TYPE = YES_ERROR;
				GCC_WARN_UNDECLARED_SELECTOR = YES;
				GCC_WARN_UNINITIALIZED_AUTOS = YES_AGGRESSIVE;
				GCC_WARN_UNUSED_FUNCTION = YES;
				GCC_WARN_UNUSED_VARIABLE = YES;
				IPHONEOS_DEPLOYMENT_TARGET = 14.5;
				MTL_ENABLE_DEBUG_INFO = NO;
				MTL_FAST_MATH = YES;
				SDKROOT = iphoneos;
				SWIFT_COMPILATION_MODE = wholemodule;
				SWIFT_OPTIMIZATION_LEVEL = "-O";
				VALIDATE_PRODUCT = YES;
			};
			name = Release;
		};
		C4ED760126EE68E2008446C4 /* Debug */ = {
			isa = XCBuildConfiguration;
			buildSettings = {
				ASSETCATALOG_COMPILER_APPICON_NAME = AppIcon;
				ASSETCATALOG_COMPILER_GLOBAL_ACCENT_COLOR_NAME = AccentColor;
				CODE_SIGN_STYLE = Automatic;
				DEVELOPMENT_TEAM = 4Y25Y3UT85;
				INFOPLIST_FILE = MyMusicApp/Info.plist;
				LD_RUNPATH_SEARCH_PATHS = (
					"$(inherited)",
					"@executable_path/Frameworks",
				);
				PRODUCT_BUNDLE_IDENTIFIER = TSM.MyMusicApp;
				PRODUCT_NAME = "$(TARGET_NAME)";
				SWIFT_VERSION = 5.0;
				TARGETED_DEVICE_FAMILY = "1,2";
			};
			name = Debug;
		};
		C4ED760226EE68E2008446C4 /* Release */ = {
			isa = XCBuildConfiguration;
			buildSettings = {
				ASSETCATALOG_COMPILER_APPICON_NAME = AppIcon;
				ASSETCATALOG_COMPILER_GLOBAL_ACCENT_COLOR_NAME = AccentColor;
				CODE_SIGN_STYLE = Automatic;
				DEVELOPMENT_TEAM = 4Y25Y3UT85;
				INFOPLIST_FILE = MyMusicApp/Info.plist;
				LD_RUNPATH_SEARCH_PATHS = (
					"$(inherited)",
					"@executable_path/Frameworks",
				);
				PRODUCT_BUNDLE_IDENTIFIER = TSM.MyMusicApp;
				PRODUCT_NAME = "$(TARGET_NAME)";
				SWIFT_VERSION = 5.0;
				TARGETED_DEVICE_FAMILY = "1,2";
			};
			name = Release;
		};
/* End XCBuildConfiguration section */

/* Begin XCConfigurationList section */
		C4ED75E726EE68E1008446C4 /* Build configuration list for PBXProject "MyMusicApp" */ = {
			isa = XCConfigurationList;
			buildConfigurations = (
				C4ED75FE26EE68E2008446C4 /* Debug */,
				C4ED75FF26EE68E2008446C4 /* Release */,
			);
			defaultConfigurationIsVisible = 0;
			defaultConfigurationName = Release;
		};
		C4ED760026EE68E2008446C4 /* Build configuration list for PBXNativeTarget "MyMusicApp" */ = {
			isa = XCConfigurationList;
			buildConfigurations = (
				C4ED760126EE68E2008446C4 /* Debug */,
				C4ED760226EE68E2008446C4 /* Release */,
			);
			defaultConfigurationIsVisible = 0;
			defaultConfigurationName = Release;
		};
/* End XCConfigurationList section */
	};
	rootObject = C4ED75E426EE68E1008446C4 /* Project object */;
}
